
Microsoft Visual Studio Solution File, Format Version 12.00
# Visual Studio Version 16
VisualStudioVersion = 16.0.31515.178
MinimumVisualStudioVersion = 10.0.40219.1
Project("{FAE04EC0-301F-11D3-BF4B-00C04F79EFBC}") = "notas", "notas\notas.csproj", "{98AE2B4D-C990-4415-910B-F30D7F200BC4}"
EndProject
Global
	GlobalSection(SolutionConfigurationPlatforms) = preSolution
		Debug|Any CPU = Debug|Any CPU
		Release|Any CPU = Release|Any CPU
	EndGlobalSection
	GlobalSection(ProjectConfigurationPlatforms) = postSolution
		{98AE2B4D-C990-4415-910B-F30D7F200BC4}.Debug|Any CPU.ActiveCfg = Debug|Any CPU
		{98AE2B4D-C990-4415-910B-F30D7F200BC4}.Debug|Any CPU.Build.0 = Debug|Any CPU
		{98AE2B4D-C990-4415-910B-F30D7F200BC4}.Release|Any CPU.ActiveCfg = Release|Any CPU
		{98AE2B4D-C990-4415-910B-F30D7F200BC4}.Release|Any CPU.Build.0 = Release|Any CPU
	EndGlobalSection
	GlobalSection(SolutionProperties) = preSolution
		HideSolutionNode = FALSE
	EndGlobalSection
	GlobalSection(ExtensibilityGlobals) = postSolution
		SolutionGuid = {23554D73-AB81-4B4A-8D2E-338F1CE63DF3}
	EndGlobalSection
EndGlobal
